{
  "name": "cpoper",
  "version": "1.0.0",
  "lockfileVersion": 1,
  "requires": true,
  "dependencies": {
    "commander": {
      "version": "5.1.0",
      "resolved": "https://registry.npm.taobao.org/commander/download/commander-5.1.0.tgz?cache=0&sync_timestamp=1592632075120&other_urls=https%3A%2F%2Fregistry.npm.taobao.org%2Fcommander%2Fdownload%2Fcommander-5.1.0.tgz",
      "integrity": "sha1-Rqu9FlL44Fm92u+Zu9yyrZzxea4="
    },
    "fuse.js": {
      "version": "6.4.0",
      "resolved": "https://registry.npm.taobao.org/fuse.js/download/fuse.js-6.4.0.tgz",
      "integrity": "sha1-qNuLHDAc2zE/LrtoErMap9wqahQ="
    }
  }
}
